
Microsoft Visual Studio Solution File, Format Version 12.00
# Visual Studio Version 16
VisualStudioVersion = 16.0.30413.136
MinimumVisualStudioVersion = 10.0.40219.1
Project("{FAE04EC0-301F-11D3-BF4B-00C04F79EFBC}") = "aspnet12_project", "aspnet12_project.csproj", "{D2AF89B6-5FFA-491A-BA13-57741D8DB1EE}"
EndProject
Global
	GlobalSection(SolutionConfigurationPlatforms) = preSolution
		Debug|Any CPU = Debug|Any CPU
		Release|Any CPU = Release|Any CPU
	EndGlobalSection
	GlobalSection(ProjectConfigurationPlatforms) = postSolution
		{D2AF89B6-5FFA-491A-BA13-57741D8DB1EE}.Debug|Any CPU.ActiveCfg = Debug|Any CPU
		{D2AF89B6-5FFA-491A-BA13-57741D8DB1EE}.Debug|Any CPU.Build.0 = Debug|Any CPU
		{D2AF89B6-5FFA-491A-BA13-57741D8DB1EE}.Release|Any CPU.ActiveCfg = Release|Any CPU
		{D2AF89B6-5FFA-491A-BA13-57741D8DB1EE}.Release|Any CPU.Build.0 = Release|Any CPU
	EndGlobalSection
	GlobalSection(SolutionProperties) = preSolution
		HideSolutionNode = FALSE
	EndGlobalSection
	GlobalSection(ExtensibilityGlobals) = postSolution
		SolutionGuid = {3CB4DB20-F0A9-4BB4-BA15-FEF7D72CDE93}
	EndGlobalSection
EndGlobal
